
Microsoft Visual Studio Solution File, Format Version 12.00
# Visual Studio Version 16
VisualStudioVersion = 16.0.31410.357
MinimumVisualStudioVersion = 10.0.40219.1
Project("{FAE04EC0-301F-11D3-BF4B-00C04F79EFBC}") = "CoinRate", "CoinRate\CoinRate.csproj", "{2D23F7E5-0569-4E55-9B9B-6FBF280A8A03}"
EndProject
Project("{FAE04EC0-301F-11D3-BF4B-00C04F79EFBC}") = "CoinRate.Tests", "CoinRate.Tests\CoinRate.Tests.csproj", "{95B0430A-63AD-450C-B610-0789C5C9266D}"
EndProject
Global
	GlobalSection(SolutionConfigurationPlatforms) = preSolution
		Debug|Any CPU = Debug|Any CPU
		Release|Any CPU = Release|Any CPU
	EndGlobalSection
	GlobalSection(ProjectConfigurationPlatforms) = postSolution
		{2D23F7E5-0569-4E55-9B9B-6FBF280A8A03}.Debug|Any CPU.ActiveCfg = Debug|Any CPU
		{2D23F7E5-0569-4E55-9B9B-6FBF280A8A03}.Debug|Any CPU.Build.0 = Debug|Any CPU
		{2D23F7E5-0569-4E55-9B9B-6FBF280A8A03}.Release|Any CPU.ActiveCfg = Release|Any CPU
		{2D23F7E5-0569-4E55-9B9B-6FBF280A8A03}.Release|Any CPU.Build.0 = Release|Any CPU
		{95B0430A-63AD-450C-B610-0789C5C9266D}.Debug|Any CPU.ActiveCfg = Debug|Any CPU
		{95B0430A-63AD-450C-B610-0789C5C9266D}.Debug|Any CPU.Build.0 = Debug|Any CPU
		{95B0430A-63AD-450C-B610-0789C5C9266D}.Release|Any CPU.ActiveCfg = Release|Any CPU
		{95B0430A-63AD-450C-B610-0789C5C9266D}.Release|Any CPU.Build.0 = Release|Any CPU
	EndGlobalSection
	GlobalSection(SolutionProperties) = preSolution
		HideSolutionNode = FALSE
	EndGlobalSection
	GlobalSection(ExtensibilityGlobals) = postSolution
		SolutionGuid = {53468C0D-406B-43DE-8A22-31C7230BF115}
	EndGlobalSection
EndGlobal
